
Microsoft Visual Studio Solution File, Format Version 12.00
# Visual Studio 14
VisualStudioVersion = 14.0.25123.0
MinimumVisualStudioVersion = 10.0.40219.1
Project("{FAE04EC0-301F-11D3-BF4B-00C04F79EFBC}") = "VirtoCommerce.GoogleEcommerceAnalyticsModule.Web", "VirtoCommerce.GoogleEcommerceAnalyticsModule.Web\VirtoCommerce.GoogleEcommerceAnalyticsModule.Web.csproj", "{70FA10B3-B384-4B8A-805D-DCF593CD5F59}"
EndProject
Project("{FAE04EC0-301F-11D3-BF4B-00C04F79EFBC}") = "VirtoCommerce.GoogleEcommerceAnalyticsModule.Data", "VirtoCommerce.GoogleEcommerceAnalyticsModule.Data\VirtoCommerce.GoogleEcommerceAnalyticsModule.Data.csproj", "{8D58D90F-7B63-4D47-AA59-CDD4A5350B38}"
EndProject
Project("{FAE04EC0-301F-11D3-BF4B-00C04F79EFBC}") = "VirtoCommerce.GoogleEcommerceAnalyticsModule.Client", "VirtoCommerce.GoogleEcommerceAnalyticsModule.Client\VirtoCommerce.GoogleEcommerceAnalyticsModule.Client.csproj", "{41DB000B-57F6-4E2B-8090-CD1CCE209EF5}"
EndProject
Global
	GlobalSection(SolutionConfigurationPlatforms) = preSolution
		Debug|Any CPU = Debug|Any CPU
		Release|Any CPU = Release|Any CPU
	EndGlobalSection
	GlobalSection(ProjectConfigurationPlatforms) = postSolution
		{70FA10B3-B384-4B8A-805D-DCF593CD5F59}.Debug|Any CPU.ActiveCfg = Debug|Any CPU
		{70FA10B3-B384-4B8A-805D-DCF593CD5F59}.Debug|Any CPU.Build.0 = Debug|Any CPU
		{70FA10B3-B384-4B8A-805D-DCF593CD5F59}.Release|Any CPU.ActiveCfg = Release|Any CPU
		{70FA10B3-B384-4B8A-805D-DCF593CD5F59}.Release|Any CPU.Build.0 = Release|Any CPU
		{8D58D90F-7B63-4D47-AA59-CDD4A5350B38}.Debug|Any CPU.ActiveCfg = Debug|Any CPU
		{8D58D90F-7B63-4D47-AA59-CDD4A5350B38}.Debug|Any CPU.Build.0 = Debug|Any CPU
		{8D58D90F-7B63-4D47-AA59-CDD4A5350B38}.Release|Any CPU.ActiveCfg = Release|Any CPU
		{8D58D90F-7B63-4D47-AA59-CDD4A5350B38}.Release|Any CPU.Build.0 = Release|Any CPU
		{41DB000B-57F6-4E2B-8090-CD1CCE209EF5}.Debug|Any CPU.ActiveCfg = Debug|Any CPU
		{41DB000B-57F6-4E2B-8090-CD1CCE209EF5}.Debug|Any CPU.Build.0 = Debug|Any CPU
		{41DB000B-57F6-4E2B-8090-CD1CCE209EF5}.Release|Any CPU.ActiveCfg = Release|Any CPU
		{41DB000B-57F6-4E2B-8090-CD1CCE209EF5}.Release|Any CPU.Build.0 = Release|Any CPU
	EndGlobalSection
	GlobalSection(SolutionProperties) = preSolution
		HideSolutionNode = FALSE
	EndGlobalSection
EndGlobal
